// !$*UTF8*$!
{
	archiveVersion = 1;
	classes = {
	};
	objectVersion = 46;
	objects = {

/* Begin PBXBuildFile section */
		E470C9631E27308400212BA2 /* UploadManager.m in Sources */ = {isa = PBXBuildFile; fileRef = E470C9621E27308400212BA2 /* UploadManager.m */; };
		E470C9691E2754B300212BA2 /* yulan2.png in Resources */ = {isa = PBXBuildFile; fileRef = E470C9661E2754B300212BA2 /* yulan2.png */; };
		E470C96A1E2754B300212BA2 /* yulan1.png in Resources */ = {isa = PBXBuildFile; fileRef = E470C9671E2754B300212BA2 /* yulan1.png */; };
		E470C96B1E2754B300212BA2 /* ceshi.jpg in Resources */ = {isa = PBXBuildFile; fileRef = E470C9681E2754B300212BA2 /* ceshi.jpg */; };
		E470C99D1E275B1500212BA2 /* UIImage-Extension.m in Sources */ = {isa = PBXBuildFile; fileRef = E470C9711E275B1500212BA2 /* UIImage-Extension.m */; };
		E470C99E1E275B1500212BA2 /* UzysImageCropper.m in Sources */ = {isa = PBXBuildFile; fileRef = E470C9731E275B1500212BA2 /* UzysImageCropper.m */; };
		E470C99F1E275B1500212BA2 /* HXCutPhotoViewController.m in Sources */ = {isa = PBXBuildFile; fileRef = E470C9751E275B1500212BA2 /* HXCutPhotoViewController.m */; };
		E470C9A01E275B1500212BA2 /* AJPhotoTapDetectingImageView.m in Sources */ = {isa = PBXBuildFile; fileRef = E470C9791E275B1500212BA2 /* AJPhotoTapDetectingImageView.m */; };
		E470C9A11E275B1500212BA2 /* AJPhotoZoomingScrollView.m in Sources */ = {isa = PBXBuildFile; fileRef = E470C97B1E275B1500212BA2 /* AJPhotoZoomingScrollView.m */; };
		E470C9A21E275B1500212BA2 /* AJTapDetectingView.m in Sources */ = {isa = PBXBuildFile; fileRef = E470C97D1E275B1500212BA2 /* AJTapDetectingView.m */; };
		E470C9A31E275B1500212BA2 /* HXPhotoPreviewViewController.m in Sources */ = {isa = PBXBuildFile; fileRef = E470C97F1E275B1500212BA2 /* HXPhotoPreviewViewController.m */; };
		E470C9A91E275B1500212BA2 /* HXPhotosViewController.m in Sources */ = {isa = PBXBuildFile; fileRef = E470C98D1E275B1500212BA2 /* HXPhotosViewController.m */; };
		E470C9AB1E275B1500212BA2 /* HXPhotoCell.m in Sources */ = {isa = PBXBuildFile; fileRef = E470C9931E275B1500212BA2 /* HXPhotoCell.m */; };
		E470C9AC1E275B1500212BA2 /* HXPhotoCell.xib in Resources */ = {isa = PBXBuildFile; fileRef = E470C9941E275B1500212BA2 /* HXPhotoCell.xib */; };
		E470C9AD1E275B1500212BA2 /* HXPhotoFirstCollectionViewCell.m in Sources */ = {isa = PBXBuildFile; fileRef = E470C9961E275B1500212BA2 /* HXPhotoFirstCollectionViewCell.m */; };
		E470C9AE1E275B1500212BA2 /* HXPhotoFirstCollectionViewCell.xib in Resources */ = {isa = PBXBuildFile; fileRef = E470C9971E275B1500212BA2 /* HXPhotoFirstCollectionViewCell.xib */; };
		E470C9AF1E275B1500212BA2 /* HXPhotoSecondCollectionViewCell.m in Sources */ = {isa = PBXBuildFile; fileRef = E470C9991E275B1500212BA2 /* HXPhotoSecondCollectionViewCell.m */; };
		E470C9B01E275B1500212BA2 /* HXPhotoSecondCollectionViewCell.xib in Resources */ = {isa = PBXBuildFile; fileRef = E470C99A1E275B1500212BA2 /* HXPhotoSecondCollectionViewCell.xib */; };
		E470C9BA1E275ED600212BA2 /* HXCardSwitchView.m in Sources */ = {isa = PBXBuildFile; fileRef = E470C9B41E275ED600212BA2 /* HXCardSwitchView.m */; };
		E470C9BB1E275ED600212BA2 /* SXImageCell.m in Sources */ = {isa = PBXBuildFile; fileRef = E470C9B61E275ED600212BA2 /* SXImageCell.m */; };
		E470C9BC1E275ED600212BA2 /* SXImageCell.xib in Resources */ = {isa = PBXBuildFile; fileRef = E470C9B71E275ED600212BA2 /* SXImageCell.xib */; };
		E470C9BD1E275ED600212BA2 /* SXLineLayout.m in Sources */ = {isa = PBXBuildFile; fileRef = E470C9B91E275ED600212BA2 /* SXLineLayout.m */; };
		E470C9C31E275F0900212BA2 /* SCCaptureSessionManager.m in Sources */ = {isa = PBXBuildFile; fileRef = E470C9C01E275F0900212BA2 /* SCCaptureSessionManager.m */; };
		E470C9C41E275F0900212BA2 /* UIImage+Resize.m in Sources */ = {isa = PBXBuildFile; fileRef = E470C9C21E275F0900212BA2 /* UIImage+Resize.m */; };
		E470C9C71E275FA900212BA2 /* HXAddImageViewController.m in Sources */ = {isa = PBXBuildFile; fileRef = E470C9C61E275FA900212BA2 /* HXAddImageViewController.m */; };
		E470C9CB1E275FF300212BA2 /* HXCurrencyAddPhotoCell.m in Sources */ = {isa = PBXBuildFile; fileRef = E470C9C91E275FF300212BA2 /* HXCurrencyAddPhotoCell.m */; };
		E470C9CC1E275FF300212BA2 /* HXCurrencyAddPhotoCell.xib in Resources */ = {isa = PBXBuildFile; fileRef = E470C9CA1E275FF300212BA2 /* HXCurrencyAddPhotoCell.xib */; };
		E470C9D01E27605F00212BA2 /* HXCurrencyAddPhotoCollectionViewCell.m in Sources */ = {isa = PBXBuildFile; fileRef = E470C9CE1E27605F00212BA2 /* HXCurrencyAddPhotoCollectionViewCell.m */; };
		E470C9D11E27605F00212BA2 /* HXCurrencyAddPhotoCollectionViewCell.xib in Resources */ = {isa = PBXBuildFile; fileRef = E470C9CF1E27605F00212BA2 /* HXCurrencyAddPhotoCollectionViewCell.xib */; };
		E470C9D41E27620200212BA2 /* HXImageModel.m in Sources */ = {isa = PBXBuildFile; fileRef = E470C9D31E27620200212BA2 /* HXImageModel.m */; };
		E470C9D91E28AEA800212BA2 /* yulan3.png in Resources */ = {isa = PBXBuildFile; fileRef = E470C9D81E28AEA800212BA2 /* yulan3.png */; };
		E470C9DB1E28AED800212BA2 /* 5.png in Resources */ = {isa = PBXBuildFile; fileRef = E470C9DA1E28AED800212BA2 /* 5.png */; };
		E49F71C91D2B98A100A6A746 /* main.m in Sources */ = {isa = PBXBuildFile; fileRef = E49F71C81D2B98A100A6A746 /* main.m */; };
		E49F71CC1D2B98A100A6A746 /* AppDelegate.m in Sources */ = {isa = PBXBuildFile; fileRef = E49F71CB1D2B98A100A6A746 /* AppDelegate.m */; };
		E49F71D41D2B98A100A6A746 /* Assets.xcassets in Resources */ = {isa = PBXBuildFile; fileRef = E49F71D31D2B98A100A6A746 /* Assets.xcassets */; };
		E4BFFE821E0B982C00219462 /* AssetHelper.m in Sources */ = {isa = PBXBuildFile; fileRef = E4BFFE691E0B982C00219462 /* AssetHelper.m */; };
		E4BFFE8A1E0B982C00219462 /* NSString+Extension.m in Sources */ = {isa = PBXBuildFile; fileRef = E4BFFE7D1E0B982C00219462 /* NSString+Extension.m */; };
		E4BFFE8B1E0B982C00219462 /* UIImage+Extension.m in Sources */ = {isa = PBXBuildFile; fileRef = E4BFFE7F1E0B982C00219462 /* UIImage+Extension.m */; };
		E4BFFE8C1E0B982C00219462 /* UIView+Helpers.m in Sources */ = {isa = PBXBuildFile; fileRef = E4BFFE811E0B982C00219462 /* UIView+Helpers.m */; };
		E4BFFE921E0B9EE600219462 /* UITabBar+Badge.m in Sources */ = {isa = PBXBuildFile; fileRef = E4BFFE911E0B9EE600219462 /* UITabBar+Badge.m */; };
		E4BFFEAA1E0BA09000219462 /* DownloadImageManager.m in Sources */ = {isa = PBXBuildFile; fileRef = E4BFFEA91E0BA09000219462 /* DownloadImageManager.m */; };
		E4CAFCAE1E0BB12E00E60C35 /* InfoPlist.strings in Resources */ = {isa = PBXBuildFile; fileRef = E4CAFCAD1E0BB12E00E60C35 /* InfoPlist.strings */; };
		E4CAFCB01E0BB1B400E60C35 /* README.md in Sources */ = {isa = PBXBuildFile; fileRef = E4CAFCAF1E0BB1B400E60C35 /* README.md */; };
		E4CAFDD11E0CCF5F00E60C35 /* BaseCollectionViewCell.m in Sources */ = {isa = PBXBuildFile; fileRef = E4CAFDC41E0CCF5F00E60C35 /* BaseCollectionViewCell.m */; };
		E4CAFDD21E0CCF5F00E60C35 /* BaseCollectionViewController.m in Sources */ = {isa = PBXBuildFile; fileRef = E4CAFDC61E0CCF5F00E60C35 /* BaseCollectionViewController.m */; };
		E4CAFDD31E0CCF5F00E60C35 /* BaseNavigationController.m in Sources */ = {isa = PBXBuildFile; fileRef = E4CAFDC81E0CCF5F00E60C35 /* BaseNavigationController.m */; };
		E4CAFDD41E0CCF5F00E60C35 /* BaseTabBarController.m in Sources */ = {isa = PBXBuildFile; fileRef = E4CAFDCA1E0CCF5F00E60C35 /* BaseTabBarController.m */; };
		E4CAFDD51E0CCF5F00E60C35 /* BaseTableViewCell.m in Sources */ = {isa = PBXBuildFile; fileRef = E4CAFDCC1E0CCF5F00E60C35 /* BaseTableViewCell.m */; };
		E4CAFDD61E0CCF5F00E60C35 /* BaseTableViewController.m in Sources */ = {isa = PBXBuildFile; fileRef = E4CAFDCE1E0CCF5F00E60C35 /* BaseTableViewController.m */; };
		E4CAFDD71E0CCF5F00E60C35 /* BaseViewController.m in Sources */ = {isa = PBXBuildFile; fileRef = E4CAFDD01E0CCF5F00E60C35 /* BaseViewController.m */; };
		E4DCF6191E25C8710011ED7A /* HXDemoCurrencyCell.m in Sources */ = {isa = PBXBuildFile; fileRef = E4DCF6151E25C8710011ED7A /* HXDemoCurrencyCell.m */; };
		E4DCF61A1E25C8710011ED7A /* HXDemoCurrencyCell.xib in Resources */ = {isa = PBXBuildFile; fileRef = E4DCF6161E25C8710011ED7A /* HXDemoCurrencyCell.xib */; };
		E4DCF61B1E25C8710011ED7A /* HXHomeViewController.m in Sources */ = {isa = PBXBuildFile; fileRef = E4DCF6181E25C8710011ED7A /* HXHomeViewController.m */; };
		E4DCF6271E25D3ED0011ED7A /* 1.png in Resources */ = {isa = PBXBuildFile; fileRef = E4DCF61D1E25D3ED0011ED7A /* 1.png */; };
		E4DCF6281E25D3ED0011ED7A /* 10.png in Resources */ = {isa = PBXBuildFile; fileRef = E4DCF61E1E25D3ED0011ED7A /* 10.png */; };
		E4DCF6291E25D3ED0011ED7A /* 11.png in Resources */ = {isa = PBXBuildFile; fileRef = E4DCF61F1E25D3ED0011ED7A /* 11.png */; };
		E4DCF62A1E25D3ED0011ED7A /* 2.png in Resources */ = {isa = PBXBuildFile; fileRef = E4DCF6201E25D3ED0011ED7A /* 2.png */; };
		E4DCF62B1E25D3ED0011ED7A /* 3.png in Resources */ = {isa = PBXBuildFile; fileRef = E4DCF6211E25D3ED0011ED7A /* 3.png */; };
		E4DCF62C1E25D3ED0011ED7A /* 4.png in Resources */ = {isa = PBXBuildFile; fileRef = E4DCF6221E25D3ED0011ED7A /* 4.png */; };
		E4DCF62D1E25D3ED0011ED7A /* 6.png in Resources */ = {isa = PBXBuildFile; fileRef = E4DCF6231E25D3ED0011ED7A /* 6.png */; };
		E4DCF62E1E25D3ED0011ED7A /* 7.png in Resources */ = {isa = PBXBuildFile; fileRef = E4DCF6241E25D3ED0011ED7A /* 7.png */; };
		E4DCF62F1E25D3ED0011ED7A /* 8.png in Resources */ = {isa = PBXBuildFile; fileRef = E4DCF6251E25D3ED0011ED7A /* 8.png */; };
		E4DCF6301E25D3ED0011ED7A /* 9.png in Resources */ = {isa = PBXBuildFile; fileRef = E4DCF6261E25D3ED0011ED7A /* 9.png */; };
		E4FD21DD1E10FCA20025E7B7 /* BaseModel.mm in Sources */ = {isa = PBXBuildFile; fileRef = E4FD21DC1E10FCA20025E7B7 /* BaseModel.mm */; };
		EECD39754773CEDB4A77D0A7 /* libPods-HXBaseProjectDemo.a in Frameworks */ = {isa = PBXBuildFile; fileRef = 77D75645CFC321176D59BA5A /* libPods-HXBaseProjectDemo.a */; };
/* End PBXBuildFile section */

/* Begin PBXFileReference section */
		2CDB3B120C9302E0F3232DA6 /* Pods-HXBaseProjectDemo.release.xcconfig */ = {isa = PBXFileReference; includeInIndex = 1; lastKnownFileType = text.xcconfig; name = "Pods-HXBaseProjectDemo.release.xcconfig"; path = "Pods/Target Support Files/Pods-HXBaseProjectDemo/Pods-HXBaseProjectDemo.release.xcconfig"; sourceTree = "<group>"; };
		77D75645CFC321176D59BA5A /* libPods-HXBaseProjectDemo.a */ = {isa = PBXFileReference; explicitFileType = archive.ar; includeInIndex = 0; path = "libPods-HXBaseProjectDemo.a"; sourceTree = BUILT_PRODUCTS_DIR; };
		D8914676EFABBE5F3F1FD619 /* Pods-HXBaseProjectDemo.debug.xcconfig */ = {isa = PBXFileReference; includeInIndex = 1; lastKnownFileType = text.xcconfig; name = "Pods-HXBaseProjectDemo.debug.xcconfig"; path = "Pods/Target Support Files/Pods-HXBaseProjectDemo/Pods-HXBaseProjectDemo.debug.xcconfig"; sourceTree = "<group>"; };
		E470C9611E27308400212BA2 /* UploadManager.h */ = {isa = PBXFileReference; fileEncoding = 4; lastKnownFileType = sourcecode.c.h; path = UploadManager.h; sourceTree = "<group>"; };
		E470C9621E27308400212BA2 /* UploadManager.m */ = {isa = PBXFileReference; fileEncoding = 4; lastKnownFileType = sourcecode.c.objc; path = UploadManager.m; sourceTree = "<group>"; };
		E470C9651E27506400212BA2 /* AppConfig.h */ = {isa = PBXFileReference; lastKnownFileType = sourcecode.c.h; path = AppConfig.h; sourceTree = "<group>"; };
		E470C9661E2754B300212BA2 /* yulan2.png */ = {isa = PBXFileReference; lastKnownFileType = image.png; path = yulan2.png; sourceTree = "<group>"; };
		E470C9671E2754B300212BA2 /* yulan1.png */ = {isa = PBXFileReference; lastKnownFileType = image.png; path = yulan1.png; sourceTree = "<group>"; };
		E470C9681E2754B300212BA2 /* ceshi.jpg */ = {isa = PBXFileReference; lastKnownFileType = image.jpeg; path = ceshi.jpg; sourceTree = "<group>"; };
		E470C9701E275B1500212BA2 /* UIImage-Extension.h */ = {isa = PBXFileReference; fileEncoding = 4; lastKnownFileType = sourcecode.c.h; path = "UIImage-Extension.h"; sourceTree = "<group>"; };
		E470C9711E275B1500212BA2 /* UIImage-Extension.m */ = {isa = PBXFileReference; fileEncoding = 4; lastKnownFileType = sourcecode.c.objc; path = "UIImage-Extension.m"; sourceTree = "<group>"; };
		E470C9721E275B1500212BA2 /* UzysImageCropper.h */ = {isa = PBXFileReference; fileEncoding = 4; lastKnownFileType = sourcecode.c.h; path = UzysImageCropper.h; sourceTree = "<group>"; };
		E470C9731E275B1500212BA2 /* UzysImageCropper.m */ = {isa = PBXFileReference; fileEncoding = 4; lastKnownFileType = sourcecode.c.objc; path = UzysImageCropper.m; sourceTree = "<group>"; };
		E470C9741E275B1500212BA2 /* HXCutPhotoViewController.h */ = {isa = PBXFileReference; fileEncoding = 4; lastKnownFileType = sourcecode.c.h; path = HXCutPhotoViewController.h; sourceTree = "<group>"; };
		E470C9751E275B1500212BA2 /* HXCutPhotoViewController.m */ = {isa = PBXFileReference; fileEncoding = 4; lastKnownFileType = sourcecode.c.objc; path = HXCutPhotoViewController.m; sourceTree = "<group>"; };
		E470C9781E275B1500212BA2 /* AJPhotoTapDetectingImageView.h */ = {isa = PBXFileReference; fileEncoding = 4; lastKnownFileType = sourcecode.c.h; path = AJPhotoTapDetectingImageView.h; sourceTree = "<group>"; };
		E470C9791E275B1500212BA2 /* AJPhotoTapDetectingImageView.m */ = {isa = PBXFileReference; fileEncoding = 4; lastKnownFileType = sourcecode.c.objc; path = AJPhotoTapDetectingImageView.m; sourceTree = "<group>"; };
		E470C97A1E275B1500212BA2 /* AJPhotoZoomingScrollView.h */ = {isa = PBXFileReference; fileEncoding = 4; lastKnownFileType = sourcecode.c.h; path = AJPhotoZoomingScrollView.h; sourceTree = "<group>"; };
		E470C97B1E275B1500212BA2 /* AJPhotoZoomingScrollView.m */ = {isa = PBXFileReference; fileEncoding = 4; lastKnownFileType = sourcecode.c.objc; path = AJPhotoZoomingScrollView.m; sourceTree = "<group>"; };
		E470C97C1E275B1500212BA2 /* AJTapDetectingView.h */ = {isa = PBXFileReference; fileEncoding = 4; lastKnownFileType = sourcecode.c.h; path = AJTapDetectingView.h; sourceTree = "<group>"; };
		E470C97D1E275B1500212BA2 /* AJTapDetectingView.m */ = {isa = PBXFileReference; fileEncoding = 4; lastKnownFileType = sourcecode.c.objc; path = AJTapDetectingView.m; sourceTree = "<group>"; };
		E470C97E1E275B1500212BA2 /* HXPhotoPreviewViewController.h */ = {isa = PBXFileReference; fileEncoding = 4; lastKnownFileType = sourcecode.c.h; path = HXPhotoPreviewViewController.h; sourceTree = "<group>"; };
		E470C97F1E275B1500212BA2 /* HXPhotoPreviewViewController.m */ = {isa = PBXFileReference; fileEncoding = 4; lastKnownFileType = sourcecode.c.objc; path = HXPhotoPreviewViewController.m; sourceTree = "<group>"; };
		E470C98C1E275B1500212BA2 /* HXPhotosViewController.h */ = {isa = PBXFileReference; fileEncoding = 4; lastKnownFileType = sourcecode.c.h; path = HXPhotosViewController.h; sourceTree = "<group>"; };
		E470C98D1E275B1500212BA2 /* HXPhotosViewController.m */ = {isa = PBXFileReference; fileEncoding = 4; lastKnownFileType = sourcecode.c.objc; path = HXPhotosViewController.m; sourceTree = "<group>"; };
		E470C9921E275B1500212BA2 /* HXPhotoCell.h */ = {isa = PBXFileReference; fileEncoding = 4; lastKnownFileType = sourcecode.c.h; path = HXPhotoCell.h; sourceTree = "<group>"; };
		E470C9931E275B1500212BA2 /* HXPhotoCell.m */ = {isa = PBXFileReference; fileEncoding = 4; lastKnownFileType = sourcecode.c.objc; path = HXPhotoCell.m; sourceTree = "<group>"; };
		E470C9941E275B1500212BA2 /* HXPhotoCell.xib */ = {isa = PBXFileReference; fileEncoding = 4; lastKnownFileType = file.xib; path = HXPhotoCell.xib; sourceTree = "<group>"; };
		E470C9951E275B1500212BA2 /* HXPhotoFirstCollectionViewCell.h */ = {isa = PBXFileReference; fileEncoding = 4; lastKnownFileType = sourcecode.c.h; path = HXPhotoFirstCollectionViewCell.h; sourceTree = "<group>"; };
		E470C9961E275B1500212BA2 /* HXPhotoFirstCollectionViewCell.m */ = {isa = PBXFileReference; fileEncoding = 4; lastKnownFileType = sourcecode.c.objc; path = HXPhotoFirstCollectionViewCell.m; sourceTree = "<group>"; };
		E470C9971E275B1500212BA2 /* HXPhotoFirstCollectionViewCell.xib */ = {isa = PBXFileReference; fileEncoding = 4; lastKnownFileType = file.xib; path = HXPhotoFirstCollectionViewCell.xib; sourceTree = "<group>"; };
		E470C9981E275B1500212BA2 /* HXPhotoSecondCollectionViewCell.h */ = {isa = PBXFileReference; fileEncoding = 4; lastKnownFileType = sourcecode.c.h; path = HXPhotoSecondCollectionViewCell.h; sourceTree = "<group>"; };
		E470C9991E275B1500212BA2 /* HXPhotoSecondCollectionViewCell.m */ = {isa = PBXFileReference; fileEncoding = 4; lastKnownFileType = sourcecode.c.objc; path = HXPhotoSecondCollectionViewCell.m; sourceTree = "<group>"; };
		E470C99A1E275B1500212BA2 /* HXPhotoSecondCollectionViewCell.xib */ = {isa = PBXFileReference; fileEncoding = 4; lastKnownFileType = file.xib; path = HXPhotoSecondCollectionViewCell.xib; sourceTree = "<group>"; };
		E470C9B31E275ED600212BA2 /* HXCardSwitchView.h */ = {isa = PBXFileReference; fileEncoding = 4; lastKnownFileType = sourcecode.c.h; path = HXCardSwitchView.h; sourceTree = "<group>"; };
		E470C9B41E275ED600212BA2 /* HXCardSwitchView.m */ = {isa = PBXFileReference; fileEncoding = 4; lastKnownFileType = sourcecode.c.objc; path = HXCardSwitchView.m; sourceTree = "<group>"; };
		E470C9B51E275ED600212BA2 /* SXImageCell.h */ = {isa = PBXFileReference; fileEncoding = 4; lastKnownFileType = sourcecode.c.h; path = SXImageCell.h; sourceTree = "<group>"; };
		E470C9B61E275ED600212BA2 /* SXImageCell.m */ = {isa = PBXFileReference; fileEncoding = 4; lastKnownFileType = sourcecode.c.objc; path = SXImageCell.m; sourceTree = "<group>"; };
		E470C9B71E275ED600212BA2 /* SXImageCell.xib */ = {isa = PBXFileReference; fileEncoding = 4; lastKnownFileType = file.xib; path = SXImageCell.xib; sourceTree = "<group>"; };
		E470C9B81E275ED600212BA2 /* SXLineLayout.h */ = {isa = PBXFileReference; fileEncoding = 4; lastKnownFileType = sourcecode.c.h; path = SXLineLayout.h; sourceTree = "<group>"; };
		E470C9B91E275ED600212BA2 /* SXLineLayout.m */ = {isa = PBXFileReference; fileEncoding = 4; lastKnownFileType = sourcecode.c.objc; path = SXLineLayout.m; sourceTree = "<group>"; };
		E470C9BF1E275F0900212BA2 /* SCCaptureSessionManager.h */ = {isa = PBXFileReference; fileEncoding = 4; lastKnownFileType = sourcecode.c.h; path = SCCaptureSessionManager.h; sourceTree = "<group>"; };
		E470C9C01E275F0900212BA2 /* SCCaptureSessionManager.m */ = {isa = PBXFileReference; fileEncoding = 4; lastKnownFileType = sourcecode.c.objc; path = SCCaptureSessionManager.m; sourceTree = "<group>"; };
		E470C9C11E275F0900212BA2 /* UIImage+Resize.h */ = {isa = PBXFileReference; fileEncoding = 4; lastKnownFileType = sourcecode.c.h; path = "UIImage+Resize.h"; sourceTree = "<group>"; };
		E470C9C21E275F0900212BA2 /* UIImage+Resize.m */ = {isa = PBXFileReference; fileEncoding = 4; lastKnownFileType = sourcecode.c.objc; path = "UIImage+Resize.m"; sourceTree = "<group>"; };
		E470C9C51E275FA900212BA2 /* HXAddImageViewController.h */ = {isa = PBXFileReference; fileEncoding = 4; lastKnownFileType = sourcecode.c.h; path = HXAddImageViewController.h; sourceTree = "<group>"; };
		E470C9C61E275FA900212BA2 /* HXAddImageViewController.m */ = {isa = PBXFileReference; fileEncoding = 4; lastKnownFileType = sourcecode.c.objc; path = HXAddImageViewController.m; sourceTree = "<group>"; };
		E470C9C81E275FF300212BA2 /* HXCurrencyAddPhotoCell.h */ = {isa = PBXFileReference; fileEncoding = 4; lastKnownFileType = sourcecode.c.h; path = HXCurrencyAddPhotoCell.h; sourceTree = "<group>"; };
		E470C9C91E275FF300212BA2 /* HXCurrencyAddPhotoCell.m */ = {isa = PBXFileReference; fileEncoding = 4; lastKnownFileType = sourcecode.c.objc; path = HXCurrencyAddPhotoCell.m; sourceTree = "<group>"; };
		E470C9CA1E275FF300212BA2 /* HXCurrencyAddPhotoCell.xib */ = {isa = PBXFileReference; fileEncoding = 4; lastKnownFileType = file.xib; path = HXCurrencyAddPhotoCell.xib; sourceTree = "<group>"; };
		E470C9CD1E27605F00212BA2 /* HXCurrencyAddPhotoCollectionViewCell.h */ = {isa = PBXFileReference; fileEncoding = 4; lastKnownFileType = sourcecode.c.h; path = HXCurrencyAddPhotoCollectionViewCell.h; sourceTree = "<group>"; };
		E470C9CE1E27605F00212BA2 /* HXCurrencyAddPhotoCollectionViewCell.m */ = {isa = PBXFileReference; fileEncoding = 4; lastKnownFileType = sourcecode.c.objc; path = HXCurrencyAddPhotoCollectionViewCell.m; sourceTree = "<group>"; };
		E470C9CF1E27605F00212BA2 /* HXCurrencyAddPhotoCollectionViewCell.xib */ = {isa = PBXFileReference; fileEncoding = 4; lastKnownFileType = file.xib; path = HXCurrencyAddPhotoCollectionViewCell.xib; sourceTree = "<group>"; };
		E470C9D21E27620200212BA2 /* HXImageModel.h */ = {isa = PBXFileReference; fileEncoding = 4; lastKnownFileType = sourcecode.c.h; path = HXImageModel.h; sourceTree = "<group>"; };
		E470C9D31E27620200212BA2 /* HXImageModel.m */ = {isa = PBXFileReference; fileEncoding = 4; lastKnownFileType = sourcecode.c.objc; path = HXImageModel.m; sourceTree = "<group>"; };
		E470C9D81E28AEA800212BA2 /* yulan3.png */ = {isa = PBXFileReference; lastKnownFileType = image.png; path = yulan3.png; sourceTree = "<group>"; };
		E470C9DA1E28AED800212BA2 /* 5.png */ = {isa = PBXFileReference; lastKnownFileType = image.png; path = 5.png; sourceTree = "<group>"; };
		E49F71C41D2B98A100A6A746 /* HXBaseProjectDemo.app */ = {isa = PBXFileReference; explicitFileType = wrapper.application; includeInIndex = 0; path = HXBaseProjectDemo.app; sourceTree = BUILT_PRODUCTS_DIR; };
		E49F71C81D2B98A100A6A746 /* main.m */ = {isa = PBXFileReference; lastKnownFileType = sourcecode.c.objc; path = main.m; sourceTree = "<group>"; };
		E49F71CA1D2B98A100A6A746 /* AppDelegate.h */ = {isa = PBXFileReference; lastKnownFileType = sourcecode.c.h; path = AppDelegate.h; sourceTree = "<group>"; };
		E49F71CB1D2B98A100A6A746 /* AppDelegate.m */ = {isa = PBXFileReference; lastKnownFileType = sourcecode.c.objc; path = AppDelegate.m; sourceTree = "<group>"; };
		E49F71D31D2B98A100A6A746 /* Assets.xcassets */ = {isa = PBXFileReference; lastKnownFileType = folder.assetcatalog; path = Assets.xcassets; sourceTree = "<group>"; };
		E4BFFE681E0B982C00219462 /* AssetHelper.h */ = {isa = PBXFileReference; fileEncoding = 4; lastKnownFileType = sourcecode.c.h; path = AssetHelper.h; sourceTree = "<group>"; };
		E4BFFE691E0B982C00219462 /* AssetHelper.m */ = {isa = PBXFileReference; fileEncoding = 4; lastKnownFileType = sourcecode.c.objc; path = AssetHelper.m; sourceTree = "<group>"; };
		E4BFFE7A1E0B982C00219462 /* PublicDefine.h */ = {isa = PBXFileReference; fileEncoding = 4; lastKnownFileType = sourcecode.c.h; path = PublicDefine.h; sourceTree = "<group>"; };
		E4BFFE7C1E0B982C00219462 /* NSString+Extension.h */ = {isa = PBXFileReference; fileEncoding = 4; lastKnownFileType = sourcecode.c.h; path = "NSString+Extension.h"; sourceTree = "<group>"; };
		E4BFFE7D1E0B982C00219462 /* NSString+Extension.m */ = {isa = PBXFileReference; fileEncoding = 4; lastKnownFileType = sourcecode.c.objc; path = "NSString+Extension.m"; sourceTree = "<group>"; };
		E4BFFE7E1E0B982C00219462 /* UIImage+Extension.h */ = {isa = PBXFileReference; fileEncoding = 4; lastKnownFileType = sourcecode.c.h; path = "UIImage+Extension.h"; sourceTree = "<group>"; };
		E4BFFE7F1E0B982C00219462 /* UIImage+Extension.m */ = {isa = PBXFileReference; fileEncoding = 4; lastKnownFileType = sourcecode.c.objc; path = "UIImage+Extension.m"; sourceTree = "<group>"; };
		E4BFFE801E0B982C00219462 /* UIView+Helpers.h */ = {isa = PBXFileReference; fileEncoding = 4; lastKnownFileType = sourcecode.c.h; path = "UIView+Helpers.h"; sourceTree = "<group>"; };
		E4BFFE811E0B982C00219462 /* UIView+Helpers.m */ = {isa = PBXFileReference; fileEncoding = 4; lastKnownFileType = sourcecode.c.objc; path = "UIView+Helpers.m"; sourceTree = "<group>"; };
		E4BFFE8D1E0B988700219462 /* PrefixHeader.pch */ = {isa = PBXFileReference; lastKnownFileType = sourcecode.c.h; path = PrefixHeader.pch; sourceTree = "<group>"; };
		E4BFFE8E1E0B98EA00219462 /* Info.plist */ = {isa = PBXFileReference; fileEncoding = 4; lastKnownFileType = text.plist.xml; path = Info.plist; sourceTree = "<group>"; };
		E4BFFE901E0B9EE600219462 /* UITabBar+Badge.h */ = {isa = PBXFileReference; fileEncoding = 4; lastKnownFileType = sourcecode.c.h; path = "UITabBar+Badge.h"; sourceTree = "<group>"; };
		E4BFFE911E0B9EE600219462 /* UITabBar+Badge.m */ = {isa = PBXFileReference; fileEncoding = 4; lastKnownFileType = sourcecode.c.objc; path = "UITabBar+Badge.m"; sourceTree = "<group>"; };
		E4BFFEA81E0BA09000219462 /* DownloadImageManager.h */ = {isa = PBXFileReference; fileEncoding = 4; lastKnownFileType = sourcecode.c.h; path = DownloadImageManager.h; sourceTree = "<group>"; };
		E4BFFEA91E0BA09000219462 /* DownloadImageManager.m */ = {isa = PBXFileReference; fileEncoding = 4; lastKnownFileType = sourcecode.c.objc; path = DownloadImageManager.m; sourceTree = "<group>"; };
		E4CAFCAD1E0BB12E00E60C35 /* InfoPlist.strings */ = {isa = PBXFileReference; fileEncoding = 4; lastKnownFileType = text.plist.strings; path = InfoPlist.strings; sourceTree = "<group>"; };
		E4CAFCAF1E0BB1B400E60C35 /* README.md */ = {isa = PBXFileReference; fileEncoding = 4; lastKnownFileType = net.daringfireball.markdown; path = README.md; sourceTree = "<group>"; };
		E4CAFDC31E0CCF5F00E60C35 /* BaseCollectionViewCell.h */ = {isa = PBXFileReference; fileEncoding = 4; lastKnownFileType = sourcecode.c.h; path = BaseCollectionViewCell.h; sourceTree = "<group>"; };
		E4CAFDC41E0CCF5F00E60C35 /* BaseCollectionViewCell.m */ = {isa = PBXFileReference; fileEncoding = 4; lastKnownFileType = sourcecode.c.objc; path = BaseCollectionViewCell.m; sourceTree = "<group>"; };
		E4CAFDC51E0CCF5F00E60C35 /* BaseCollectionViewController.h */ = {isa = PBXFileReference; fileEncoding = 4; lastKnownFileType = sourcecode.c.h; path = BaseCollectionViewController.h; sourceTree = "<group>"; };
		E4CAFDC61E0CCF5F00E60C35 /* BaseCollectionViewController.m */ = {isa = PBXFileReference; fileEncoding = 4; lastKnownFileType = sourcecode.c.objc; path = BaseCollectionViewController.m; sourceTree = "<group>"; };
		E4CAFDC71E0CCF5F00E60C35 /* BaseNavigationController.h */ = {isa = PBXFileReference; fileEncoding = 4; lastKnownFileType = sourcecode.c.h; path = BaseNavigationController.h; sourceTree = "<group>"; };
		E4CAFDC81E0CCF5F00E60C35 /* BaseNavigationController.m */ = {isa = PBXFileReference; fileEncoding = 4; lastKnownFileType = sourcecode.c.objc; path = BaseNavigationController.m; sourceTree = "<group>"; };
		E4CAFDC91E0CCF5F00E60C35 /* BaseTabBarController.h */ = {isa = PBXFileReference; fileEncoding = 4; lastKnownFileType = sourcecode.c.h; path = BaseTabBarController.h; sourceTree = "<group>"; };
		E4CAFDCA1E0CCF5F00E60C35 /* BaseTabBarController.m */ = {isa = PBXFileReference; fileEncoding = 4; lastKnownFileType = sourcecode.c.objc; path = BaseTabBarController.m; sourceTree = "<group>"; };
		E4CAFDCB1E0CCF5F00E60C35 /* BaseTableViewCell.h */ = {isa = PBXFileReference; fileEncoding = 4; lastKnownFileType = sourcecode.c.h; path = BaseTableViewCell.h; sourceTree = "<group>"; };
		E4CAFDCC1E0CCF5F00E60C35 /* BaseTableViewCell.m */ = {isa = PBXFileReference; fileEncoding = 4; lastKnownFileType = sourcecode.c.objc; path = BaseTableViewCell.m; sourceTree = "<group>"; };
		E4CAFDCD1E0CCF5F00E60C35 /* BaseTableViewController.h */ = {isa = PBXFileReference; fileEncoding = 4; lastKnownFileType = sourcecode.c.h; path = BaseTableViewController.h; sourceTree = "<group>"; };
		E4CAFDCE1E0CCF5F00E60C35 /* BaseTableViewController.m */ = {isa = PBXFileReference; fileEncoding = 4; lastKnownFileType = sourcecode.c.objc; path = BaseTableViewController.m; sourceTree = "<group>"; };
		E4CAFDCF1E0CCF5F00E60C35 /* BaseViewController.h */ = {isa = PBXFileReference; fileEncoding = 4; lastKnownFileType = sourcecode.c.h; path = BaseViewController.h; sourceTree = "<group>"; };
		E4CAFDD01E0CCF5F00E60C35 /* BaseViewController.m */ = {isa = PBXFileReference; fileEncoding = 4; lastKnownFileType = sourcecode.c.objc; path = BaseViewController.m; sourceTree = "<group>"; };
		E4DCF6141E25C8710011ED7A /* HXDemoCurrencyCell.h */ = {isa = PBXFileReference; fileEncoding = 4; lastKnownFileType = sourcecode.c.h; path = HXDemoCurrencyCell.h; sourceTree = "<group>"; };
		E4DCF6151E25C8710011ED7A /* HXDemoCurrencyCell.m */ = {isa = PBXFileReference; fileEncoding = 4; lastKnownFileType = sourcecode.c.objc; path = HXDemoCurrencyCell.m; sourceTree = "<group>"; };
		E4DCF6161E25C8710011ED7A /* HXDemoCurrencyCell.xib */ = {isa = PBXFileReference; fileEncoding = 4; lastKnownFileType = file.xib; path = HXDemoCurrencyCell.xib; sourceTree = "<group>"; };
		E4DCF6171E25C8710011ED7A /* HXHomeViewController.h */ = {isa = PBXFileReference; fileEncoding = 4; lastKnownFileType = sourcecode.c.h; path = HXHomeViewController.h; sourceTree = "<group>"; };
		E4DCF6181E25C8710011ED7A /* HXHomeViewController.m */ = {isa = PBXFileReference; fileEncoding = 4; lastKnownFileType = sourcecode.c.objc; path = HXHomeViewController.m; sourceTree = "<group>"; };
		E4DCF61D1E25D3ED0011ED7A /* 1.png */ = {isa = PBXFileReference; lastKnownFileType = image.png; path = 1.png; sourceTree = "<group>"; };
		E4DCF61E1E25D3ED0011ED7A /* 10.png */ = {isa = PBXFileReference; lastKnownFileType = image.png; path = 10.png; sourceTree = "<group>"; };
		E4DCF61F1E25D3ED0011ED7A /* 11.png */ = {isa = PBXFileReference; lastKnownFileType = image.png; path = 11.png; sourceTree = "<group>"; };
		E4DCF6201E25D3ED0011ED7A /* 2.png */ = {isa = PBXFileReference; lastKnownFileType = image.png; path = 2.png; sourceTree = "<group>"; };
		E4DCF6211E25D3ED0011ED7A /* 3.png */ = {isa = PBXFileReference; lastKnownFileType = image.png; path = 3.png; sourceTree = "<group>"; };
		E4DCF6221E25D3ED0011ED7A /* 4.png */ = {isa = PBXFileReference; lastKnownFileType = image.png; path = 4.png; sourceTree = "<group>"; };
		E4DCF6231E25D3ED0011ED7A /* 6.png */ = {isa = PBXFileReference; lastKnownFileType = image.png; path = 6.png; sourceTree = "<group>"; };
		E4DCF6241E25D3ED0011ED7A /* 7.png */ = {isa = PBXFileReference; lastKnownFileType = image.png; path = 7.png; sourceTree = "<group>"; };
		E4DCF6251E25D3ED0011ED7A /* 8.png */ = {isa = PBXFileReference; lastKnownFileType = image.png; path = 8.png; sourceTree = "<group>"; };
		E4DCF6261E25D3ED0011ED7A /* 9.png */ = {isa = PBXFileReference; lastKnownFileType = image.png; path = 9.png; sourceTree = "<group>"; };
		E4FD21DB1E10FCA20025E7B7 /* BaseModel.h */ = {isa = PBXFileReference; fileEncoding = 4; lastKnownFileType = sourcecode.c.h; path = BaseModel.h; sourceTree = "<group>"; };
		E4FD21DC1E10FCA20025E7B7 /* BaseModel.mm */ = {isa = PBXFileReference; fileEncoding = 4; lastKnownFileType = sourcecode.cpp.objcpp; path = BaseModel.mm; sourceTree = "<group>"; };
/* End PBXFileReference section */

/* Begin PBXFrameworksBuildPhase section */
		E49F71C11D2B98A100A6A746 /* Frameworks */ = {
			isa = PBXFrameworksBuildPhase;
			buildActionMask = 2147483647;
			files = (
				EECD39754773CEDB4A77D0A7 /* libPods-HXBaseProjectDemo.a in Frameworks */,
			);
			runOnlyForDeploymentPostprocessing = 0;
		};
/* End PBXFrameworksBuildPhase section */

/* Begin PBXGroup section */
		0A4C0C56C2FD49C9E9F82E90 /* Frameworks */ = {
			isa = PBXGroup;
			children = (
				77D75645CFC321176D59BA5A /* libPods-HXBaseProjectDemo.a */,
			);
			name = Frameworks;
			sourceTree = "<group>";
		};
		ACDC6AE909646697814F851F /* Pods */ = {
			isa = PBXGroup;
			children = (
				D8914676EFABBE5F3F1FD619 /* Pods-HXBaseProjectDemo.debug.xcconfig */,
				2CDB3B120C9302E0F3232DA6 /* Pods-HXBaseProjectDemo.release.xcconfig */,
			);
			name = Pods;
			sourceTree = "<group>";
		};
		E470C9641E27504F00212BA2 /* Config */ = {
			isa = PBXGroup;
			children = (
				E470C9651E27506400212BA2 /* AppConfig.h */,
			);
			path = Config;
			sourceTree = "<group>";
		};
		E470C96C1E275B1500212BA2 /* 相机/相册 */ = {
			isa = PBXGroup;
			children = (
				E470C96D1E275B1500212BA2 /* Controller */,
				E470C9911E275B1500212BA2 /* View */,
			);
			name = "相机/相册";
			path = CameraRoll;
			sourceTree = "<group>";
		};
		E470C96D1E275B1500212BA2 /* Controller */ = {
			isa = PBXGroup;
			children = (
				E470C96E1E275B1500212BA2 /* 图片裁剪 */,
				E470C9761E275B1500212BA2 /* 图片预览 */,
				E470C9801E275B1500212BA2 /* 图片添加 */,
			);
			path = Controller;
			sourceTree = "<group>";
		};
		E470C96E1E275B1500212BA2 /* 图片裁剪 */ = {
			isa = PBXGroup;
			children = (
				E470C96F1E275B1500212BA2 /* Cut */,
				E470C9741E275B1500212BA2 /* HXCutPhotoViewController.h */,
				E470C9751E275B1500212BA2 /* HXCutPhotoViewController.m */,
			);
			name = "图片裁剪";
			path = Crop;
			sourceTree = "<group>";
		};
		E470C96F1E275B1500212BA2 /* Cut */ = {
			isa = PBXGroup;
			children = (
				E470C9701E275B1500212BA2 /* UIImage-Extension.h */,
				E470C9711E275B1500212BA2 /* UIImage-Extension.m */,
				E470C9721E275B1500212BA2 /* UzysImageCropper.h */,
				E470C9731E275B1500212BA2 /* UzysImageCropper.m */,
			);
			path = Cut;
			sourceTree = "<group>";
		};
		E470C9761E275B1500212BA2 /* 图片预览 */ = {
			isa = PBXGroup;
			children = (
				E470C9771E275B1500212BA2 /* AJPhotoBrowser */,
				E470C97E1E275B1500212BA2 /* HXPhotoPreviewViewController.h */,
				E470C97F1E275B1500212BA2 /* HXPhotoPreviewViewController.m */,
			);
			name = "图片预览";
			path = PhotoPreview;
			sourceTree = "<group>";
		};
		E470C9771E275B1500212BA2 /* AJPhotoBrowser */ = {
			isa = PBXGroup;
			children = (
				E470C9781E275B1500212BA2 /* AJPhotoTapDetectingImageView.h */,
				E470C9791E275B1500212BA2 /* AJPhotoTapDetectingImageView.m */,
				E470C97A1E275B1500212BA2 /* AJPhotoZoomingScrollView.h */,
				E470C97B1E275B1500212BA2 /* AJPhotoZoomingScrollView.m */,
				E470C97C1E275B1500212BA2 /* AJTapDetectingView.h */,
				E470C97D1E275B1500212BA2 /* AJTapDetectingView.m */,
			);
			path = AJPhotoBrowser;
			sourceTree = "<group>";
		};
		E470C9801E275B1500212BA2 /* 图片添加 */ = {
			isa = PBXGroup;
			children = (
				E470C98C1E275B1500212BA2 /* HXPhotosViewController.h */,
				E470C98D1E275B1500212BA2 /* HXPhotosViewController.m */,
			);
			name = "图片添加";
			path = Photos;
			sourceTree = "<group>";
		};
		E470C9911E275B1500212BA2 /* View */ = {
			isa = PBXGroup;
			children = (
				E470C9BE1E275F0900212BA2 /* SCCaptureCamera */,
				E470C9B21E275ED600212BA2 /* HXCardSwitchView */,
				E470C9921E275B1500212BA2 /* HXPhotoCell.h */,
				E470C9931E275B1500212BA2 /* HXPhotoCell.m */,
				E470C9941E275B1500212BA2 /* HXPhotoCell.xib */,
				E470C9951E275B1500212BA2 /* HXPhotoFirstCollectionViewCell.h */,
				E470C9961E275B1500212BA2 /* HXPhotoFirstCollectionViewCell.m */,
				E470C9971E275B1500212BA2 /* HXPhotoFirstCollectionViewCell.xib */,
				E470C9981E275B1500212BA2 /* HXPhotoSecondCollectionViewCell.h */,
				E470C9991E275B1500212BA2 /* HXPhotoSecondCollectionViewCell.m */,
				E470C99A1E275B1500212BA2 /* HXPhotoSecondCollectionViewCell.xib */,
			);
			path = View;
			sourceTree = "<group>";
		};
		E470C9B21E275ED600212BA2 /* HXCardSwitchView */ = {
			isa = PBXGroup;
			children = (
				E470C9B31E275ED600212BA2 /* HXCardSwitchView.h */,
				E470C9B41E275ED600212BA2 /* HXCardSwitchView.m */,
				E470C9B51E275ED600212BA2 /* SXImageCell.h */,
				E470C9B61E275ED600212BA2 /* SXImageCell.m */,
				E470C9B71E275ED600212BA2 /* SXImageCell.xib */,
				E470C9B81E275ED600212BA2 /* SXLineLayout.h */,
				E470C9B91E275ED600212BA2 /* SXLineLayout.m */,
			);
			path = HXCardSwitchView;
			sourceTree = "<group>";
		};
		E470C9BE1E275F0900212BA2 /* SCCaptureCamera */ = {
			isa = PBXGroup;
			children = (
				E470C9BF1E275F0900212BA2 /* SCCaptureSessionManager.h */,
				E470C9C01E275F0900212BA2 /* SCCaptureSessionManager.m */,
				E470C9C11E275F0900212BA2 /* UIImage+Resize.h */,
				E470C9C21E275F0900212BA2 /* UIImage+Resize.m */,
			);
			path = SCCaptureCamera;
			sourceTree = "<group>";
		};
		E470C9D51E276A7100212BA2 /* Cell */ = {
			isa = PBXGroup;
			children = (
				E4DCF6141E25C8710011ED7A /* HXDemoCurrencyCell.h */,
				E4DCF6151E25C8710011ED7A /* HXDemoCurrencyCell.m */,
				E4DCF6161E25C8710011ED7A /* HXDemoCurrencyCell.xib */,
				E470C9CD1E27605F00212BA2 /* HXCurrencyAddPhotoCollectionViewCell.h */,
				E470C9CE1E27605F00212BA2 /* HXCurrencyAddPhotoCollectionViewCell.m */,
				E470C9CF1E27605F00212BA2 /* HXCurrencyAddPhotoCollectionViewCell.xib */,
				E470C9C81E275FF300212BA2 /* HXCurrencyAddPhotoCell.h */,
				E470C9C91E275FF300212BA2 /* HXCurrencyAddPhotoCell.m */,
				E470C9CA1E275FF300212BA2 /* HXCurrencyAddPhotoCell.xib */,
			);
			name = Cell;
			sourceTree = "<group>";
		};
		E470C9D61E276A8300212BA2 /* Model */ = {
			isa = PBXGroup;
			children = (
				E470C9D21E27620200212BA2 /* HXImageModel.h */,
				E470C9D31E27620200212BA2 /* HXImageModel.m */,
			);
			name = Model;
			sourceTree = "<group>";
		};
		E49F71BB1D2B98A100A6A746 = {
			isa = PBXGroup;
			children = (
				E4CAFCAF1E0BB1B400E60C35 /* README.md */,
				E49F71C61D2B98A100A6A746 /* HXBaseProjectDemo */,
				E49F71C51D2B98A100A6A746 /* Products */,
				ACDC6AE909646697814F851F /* Pods */,
				0A4C0C56C2FD49C9E9F82E90 /* Frameworks */,
			);
			sourceTree = "<group>";
		};
		E49F71C51D2B98A100A6A746 /* Products */ = {
			isa = PBXGroup;
			children = (
				E49F71C41D2B98A100A6A746 /* HXBaseProjectDemo.app */,
			);
			name = Products;
			sourceTree = "<group>";
		};
		E49F71C61D2B98A100A6A746 /* HXBaseProjectDemo */ = {
			isa = PBXGroup;
			children = (
				E49F71CA1D2B98A100A6A746 /* AppDelegate.h */,
				E49F71CB1D2B98A100A6A746 /* AppDelegate.m */,
				E4DCF6131E25C8710011ED7A /* Demo */,
				E470C9641E27504F00212BA2 /* Config */,
				E4CAFDC21E0CCF5F00E60C35 /* Base */,
				E4BFFE661E0B982C00219462 /* Public */,
				E49F71C71D2B98A100A6A746 /* Supporting Files */,
			);
			path = HXBaseProjectDemo;
			sourceTree = "<group>";
		};
		E49F71C71D2B98A100A6A746 /* Supporting Files */ = {
			isa = PBXGroup;
			children = (
				E4DCF61C1E25D3ED0011ED7A /* ShiLiImage */,
				E49F71D31D2B98A100A6A746 /* Assets.xcassets */,
				E4BFFE8E1E0B98EA00219462 /* Info.plist */,
				E49F71C81D2B98A100A6A746 /* main.m */,
				E4BFFE8D1E0B988700219462 /* PrefixHeader.pch */,
				E4CAFCAD1E0BB12E00E60C35 /* InfoPlist.strings */,
			);
			name = "Supporting Files";
			sourceTree = "<group>";
		};
		E4BFFE661E0B982C00219462 /* Public */ = {
			isa = PBXGroup;
			children = (
				E470C96C1E275B1500212BA2 /* 相机/相册 */,
				E4BFFE791E0B982C00219462 /* Define */,
				E4BFFE7B1E0B982C00219462 /* Extension */,
				E4BFFE671E0B982C00219462 /* Asset */,
				E4BFFEAB1E0BA09900219462 /* UploadImages */,
				E4BFFEA71E0BA09000219462 /* DownloadImages */,
			);
			path = Public;
			sourceTree = "<group>";
		};
		E4BFFE671E0B982C00219462 /* Asset */ = {
			isa = PBXGroup;
			children = (
				E4BFFE681E0B982C00219462 /* AssetHelper.h */,
				E4BFFE691E0B982C00219462 /* AssetHelper.m */,
			);
			path = Asset;
			sourceTree = "<group>";
		};
		E4BFFE791E0B982C00219462 /* Define */ = {
			isa = PBXGroup;
			children = (
				E4BFFE7A1E0B982C00219462 /* PublicDefine.h */,
			);
			path = Define;
			sourceTree = "<group>";
		};
		E4BFFE7B1E0B982C00219462 /* Extension */ = {
			isa = PBXGroup;
			children = (
				E4BFFE901E0B9EE600219462 /* UITabBar+Badge.h */,
				E4BFFE911E0B9EE600219462 /* UITabBar+Badge.m */,
				E4BFFE7C1E0B982C00219462 /* NSString+Extension.h */,
				E4BFFE7D1E0B982C00219462 /* NSString+Extension.m */,
				E4BFFE7E1E0B982C00219462 /* UIImage+Extension.h */,
				E4BFFE7F1E0B982C00219462 /* UIImage+Extension.m */,
				E4BFFE801E0B982C00219462 /* UIView+Helpers.h */,
				E4BFFE811E0B982C00219462 /* UIView+Helpers.m */,
			);
			path = Extension;
			sourceTree = "<group>";
		};
		E4BFFEA71E0BA09000219462 /* DownloadImages */ = {
			isa = PBXGroup;
			children = (
				E4BFFEA81E0BA09000219462 /* DownloadImageManager.h */,
				E4BFFEA91E0BA09000219462 /* DownloadImageManager.m */,
			);
			path = DownloadImages;
			sourceTree = "<group>";
		};
		E4BFFEAB1E0BA09900219462 /* UploadImages */ = {
			isa = PBXGroup;
			children = (
				E470C9611E27308400212BA2 /* UploadManager.h */,
				E470C9621E27308400212BA2 /* UploadManager.m */,
			);
			path = UploadImages;
			sourceTree = "<group>";
		};
		E4CAFDC21E0CCF5F00E60C35 /* Base */ = {
			isa = PBXGroup;
			children = (
				E4CAFDC31E0CCF5F00E60C35 /* BaseCollectionViewCell.h */,
				E4CAFDC41E0CCF5F00E60C35 /* BaseCollectionViewCell.m */,
				E4CAFDC51E0CCF5F00E60C35 /* BaseCollectionViewController.h */,
				E4CAFDC61E0CCF5F00E60C35 /* BaseCollectionViewController.m */,
				E4CAFDC71E0CCF5F00E60C35 /* BaseNavigationController.h */,
				E4CAFDC81E0CCF5F00E60C35 /* BaseNavigationController.m */,
				E4CAFDC91E0CCF5F00E60C35 /* BaseTabBarController.h */,
				E4CAFDCA1E0CCF5F00E60C35 /* BaseTabBarController.m */,
				E4CAFDCB1E0CCF5F00E60C35 /* BaseTableViewCell.h */,
				E4CAFDCC1E0CCF5F00E60C35 /* BaseTableViewCell.m */,
				E4CAFDCD1E0CCF5F00E60C35 /* BaseTableViewController.h */,
				E4CAFDCE1E0CCF5F00E60C35 /* BaseTableViewController.m */,
				E4CAFDCF1E0CCF5F00E60C35 /* BaseViewController.h */,
				E4CAFDD01E0CCF5F00E60C35 /* BaseViewController.m */,
				E4FD21DB1E10FCA20025E7B7 /* BaseModel.h */,
				E4FD21DC1E10FCA20025E7B7 /* BaseModel.mm */,
			);
			path = Base;
			sourceTree = "<group>";
		};
		E4DCF6131E25C8710011ED7A /* Demo */ = {
			isa = PBXGroup;
			children = (
				E470C9D61E276A8300212BA2 /* Model */,
				E470C9D51E276A7100212BA2 /* Cell */,
				E4DCF6171E25C8710011ED7A /* HXHomeViewController.h */,
				E4DCF6181E25C8710011ED7A /* HXHomeViewController.m */,
				E470C9C51E275FA900212BA2 /* HXAddImageViewController.h */,
				E470C9C61E275FA900212BA2 /* HXAddImageViewController.m */,
			);
			path = Demo;
			sourceTree = "<group>";
		};
		E4DCF61C1E25D3ED0011ED7A /* ShiLiImage */ = {
			isa = PBXGroup;
			children = (
				E470C9D81E28AEA800212BA2 /* yulan3.png */,
				E470C9671E2754B300212BA2 /* yulan1.png */,
				E470C9661E2754B300212BA2 /* yulan2.png */,
				E470C9681E2754B300212BA2 /* ceshi.jpg */,
				E470C9DA1E28AED800212BA2 /* 5.png */,
				E4DCF61D1E25D3ED0011ED7A /* 1.png */,
				E4DCF61E1E25D3ED0011ED7A /* 10.png */,
				E4DCF61F1E25D3ED0011ED7A /* 11.png */,
				E4DCF6201E25D3ED0011ED7A /* 2.png */,
				E4DCF6211E25D3ED0011ED7A /* 3.png */,
				E4DCF6221E25D3ED0011ED7A /* 4.png */,
				E4DCF6231E25D3ED0011ED7A /* 6.png */,
				E4DCF6241E25D3ED0011ED7A /* 7.png */,
				E4DCF6251E25D3ED0011ED7A /* 8.png */,
				E4DCF6261E25D3ED0011ED7A /* 9.png */,
			);
			path = ShiLiImage;
			sourceTree = "<group>";
		};
/* End PBXGroup section */

/* Begin PBXNativeTarget section */
		E49F71C31D2B98A100A6A746 /* HXBaseProjectDemo */ = {
			isa = PBXNativeTarget;
			buildConfigurationList = E49F71DB1D2B98A100A6A746 /* Build configuration list for PBXNativeTarget "HXBaseProjectDemo" */;
			buildPhases = (
				2C18DD02985A1CC08233902C /* [CP] Check Pods Manifest.lock */,
				E49F71C01D2B98A100A6A746 /* Sources */,
				E49F71C11D2B98A100A6A746 /* Frameworks */,
				E49F71C21D2B98A100A6A746 /* Resources */,
				6A95238631961BE22684CD09 /* [CP] Embed Pods Frameworks */,
				2FBD057E62F88F59A7FFE756 /* [CP] Copy Pods Resources */,
			);
			buildRules = (
			);
			dependencies = (
			);
			name = HXBaseProjectDemo;
			productName = HXImitationMogujieCamera;
			productReference = E49F71C41D2B98A100A6A746 /* HXBaseProjectDemo.app */;
			productType = "com.apple.product-type.application";
		};
/* End PBXNativeTarget section */

/* Begin PBXProject section */
		E49F71BC1D2B98A100A6A746 /* Project object */ = {
			isa = PBXProject;
			attributes = {
				LastUpgradeCheck = 0810;
				ORGANIZATIONNAME = "黄轩";
				TargetAttributes = {
					E49F71C31D2B98A100A6A746 = {
						CreatedOnToolsVersion = 7.2.1;
						ProvisioningStyle = Automatic;
					};
				};
			};
			buildConfigurationList = E49F71BF1D2B98A100A6A746 /* Build configuration list for PBXProject "HXBaseProjectDemo" */;
			compatibilityVersion = "Xcode 3.2";
			developmentRegion = English;
			hasScannedForEncodings = 0;
			knownRegions = (
				en,
				Base,
			);
			mainGroup = E49F71BB1D2B98A100A6A746;
			productRefGroup = E49F71C51D2B98A100A6A746 /* Products */;
			projectDirPath = "";
			projectRoot = "";
			targets = (
				E49F71C31D2B98A100A6A746 /* HXBaseProjectDemo */,
			);
		};
/* End PBXProject section */

/* Begin PBXResourcesBuildPhase section */
		E49F71C21D2B98A100A6A746 /* Resources */ = {
			isa = PBXResourcesBuildPhase;
			buildActionMask = 2147483647;
			files = (
				E470C9AE1E275B1500212BA2 /* HXPhotoFirstCollectionViewCell.xib in Resources */,
				E470C96A1E2754B300212BA2 /* yulan1.png in Resources */,
				E470C9BC1E275ED600212BA2 /* SXImageCell.xib in Resources */,
				E4DCF62D1E25D3ED0011ED7A /* 6.png in Resources */,
				E470C9B01E275B1500212BA2 /* HXPhotoSecondCollectionViewCell.xib in Resources */,
				E49F71D41D2B98A100A6A746 /* Assets.xcassets in Resources */,
				E4DCF62E1E25D3ED0011ED7A /* 7.png in Resources */,
				E470C96B1E2754B300212BA2 /* ceshi.jpg in Resources */,
				E4DCF62A1E25D3ED0011ED7A /* 2.png in Resources */,
				E4DCF62B1E25D3ED0011ED7A /* 3.png in Resources */,
				E4DCF6281E25D3ED0011ED7A /* 10.png in Resources */,
				E470C9691E2754B300212BA2 /* yulan2.png in Resources */,
				E470C9CC1E275FF300212BA2 /* HXCurrencyAddPhotoCell.xib in Resources */,
				E470C9AC1E275B1500212BA2 /* HXPhotoCell.xib in Resources */,
				E4CAFCAE1E0BB12E00E60C35 /* InfoPlist.strings in Resources */,
				E4DCF61A1E25C8710011ED7A /* HXDemoCurrencyCell.xib in Resources */,
				E470C9D11E27605F00212BA2 /* HXCurrencyAddPhotoCollectionViewCell.xib in Resources */,
				E4DCF6301E25D3ED0011ED7A /* 9.png in Resources */,
				E4DCF62F1E25D3ED0011ED7A /* 8.png in Resources */,
				E470C9D91E28AEA800212BA2 /* yulan3.png in Resources */,
				E4DCF6291E25D3ED0011ED7A /* 11.png in Resources */,
				E470C9DB1E28AED800212BA2 /* 5.png in Resources */,
				E4DCF62C1E25D3ED0011ED7A /* 4.png in Resources */,
				E4DCF6271E25D3ED0011ED7A /* 1.png in Resources */,
			);
			runOnlyForDeploymentPostprocessing = 0;
		};
/* End PBXResourcesBuildPhase section */

/* Begin PBXShellScriptBuildPhase section */
		2C18DD02985A1CC08233902C /* [CP] Check Pods Manifest.lock */ = {
			isa = PBXShellScriptBuildPhase;
			buildActionMask = 2147483647;
			files = (
			);
			inputPaths = (
			);
			name = "[CP] Check Pods Manifest.lock";
			outputPaths = (
			);
			runOnlyForDeploymentPostprocessing = 0;
			shellPath = /bin/sh;
			shellScript = "diff \"${PODS_ROOT}/../Podfile.lock\" \"${PODS_ROOT}/Manifest.lock\" > /dev/null\nif [ $? != 0 ] ; then\n    # print error to STDERR\n    echo \"error: The sandbox is not in sync with the Podfile.lock. Run 'pod install' or update your CocoaPods installation.\" >&2\n    exit 1\nfi\n";
			showEnvVarsInLog = 0;
		};
		2FBD057E62F88F59A7FFE756 /* [CP] Copy Pods Resources */ = {
			isa = PBXShellScriptBuildPhase;
			buildActionMask = 2147483647;
			files = (
			);
			inputPaths = (
			);
			name = "[CP] Copy Pods Resources";
			outputPaths = (
			);
			runOnlyForDeploymentPostprocessing = 0;
			shellPath = /bin/sh;
			shellScript = "\"${SRCROOT}/Pods/Target Support Files/Pods-HXBaseProjectDemo/Pods-HXBaseProjectDemo-resources.sh\"\n";
			showEnvVarsInLog = 0;
		};
		6A95238631961BE22684CD09 /* [CP] Embed Pods Frameworks */ = {
			isa = PBXShellScriptBuildPhase;
			buildActionMask = 2147483647;
			files = (
			);
			inputPaths = (
			);
			name = "[CP] Embed Pods Frameworks";
			outputPaths = (
			);
			runOnlyForDeploymentPostprocessing = 0;
			shellPath = /bin/sh;
			shellScript = "\"${SRCROOT}/Pods/Target Support Files/Pods-HXBaseProjectDemo/Pods-HXBaseProjectDemo-frameworks.sh\"\n";
			showEnvVarsInLog = 0;
		};
/* End PBXShellScriptBuildPhase section */

/* Begin PBXSourcesBuildPhase section */
		E49F71C01D2B98A100A6A746 /* Sources */ = {
			isa = PBXSourcesBuildPhase;
			buildActionMask = 2147483647;
			files = (
				E4CAFDD51E0CCF5F00E60C35 /* BaseTableViewCell.m in Sources */,
				E4BFFEAA1E0BA09000219462 /* DownloadImageManager.m in Sources */,
				E470C9C31E275F0900212BA2 /* SCCaptureSessionManager.m in Sources */,
				E470C9D41E27620200212BA2 /* HXImageModel.m in Sources */,
				E470C9CB1E275FF300212BA2 /* HXCurrencyAddPhotoCell.m in Sources */,
				E470C9D01E27605F00212BA2 /* HXCurrencyAddPhotoCollectionViewCell.m in Sources */,
				E4CAFDD21E0CCF5F00E60C35 /* BaseCollectionViewController.m in Sources */,
				E470C9A31E275B1500212BA2 /* HXPhotoPreviewViewController.m in Sources */,
				E470C9C41E275F0900212BA2 /* UIImage+Resize.m in Sources */,
				E49F71CC1D2B98A100A6A746 /* AppDelegate.m in Sources */,
				E470C9BB1E275ED600212BA2 /* SXImageCell.m in Sources */,
				E470C99E1E275B1500212BA2 /* UzysImageCropper.m in Sources */,
				E470C99D1E275B1500212BA2 /* UIImage-Extension.m in Sources */,
				E4CAFDD61E0CCF5F00E60C35 /* BaseTableViewController.m in Sources */,
				E49F71C91D2B98A100A6A746 /* main.m in Sources */,
				E4FD21DD1E10FCA20025E7B7 /* BaseModel.mm in Sources */,
				E470C9A91E275B1500212BA2 /* HXPhotosViewController.m in Sources */,
				E470C9A21E275B1500212BA2 /* AJTapDetectingView.m in Sources */,
				E470C9AD1E275B1500212BA2 /* HXPhotoFirstCollectionViewCell.m in Sources */,
				E470C9631E27308400212BA2 /* UploadManager.m in Sources */,
				E4BFFE8B1E0B982C00219462 /* UIImage+Extension.m in Sources */,
				E4CAFDD11E0CCF5F00E60C35 /* BaseCollectionViewCell.m in Sources */,
				E4CAFDD31E0CCF5F00E60C35 /* BaseNavigationController.m in Sources */,
				E4DCF6191E25C8710011ED7A /* HXDemoCurrencyCell.m in Sources */,
				E4BFFE8A1E0B982C00219462 /* NSString+Extension.m in Sources */,
				E4CAFDD41E0CCF5F00E60C35 /* BaseTabBarController.m in Sources */,
				E470C9A01E275B1500212BA2 /* AJPhotoTapDetectingImageView.m in Sources */,
				E4DCF61B1E25C8710011ED7A /* HXHomeViewController.m in Sources */,
				E4CAFCB01E0BB1B400E60C35 /* README.md in Sources */,
				E470C9A11E275B1500212BA2 /* AJPhotoZoomingScrollView.m in Sources */,
				E470C9BD1E275ED600212BA2 /* SXLineLayout.m in Sources */,
				E4BFFE821E0B982C00219462 /* AssetHelper.m in Sources */,
				E4CAFDD71E0CCF5F00E60C35 /* BaseViewController.m in Sources */,
				E470C9AB1E275B1500212BA2 /* HXPhotoCell.m in Sources */,
				E470C99F1E275B1500212BA2 /* HXCutPhotoViewController.m in Sources */,
				E470C9C71E275FA900212BA2 /* HXAddImageViewController.m in Sources */,
				E470C9AF1E275B1500212BA2 /* HXPhotoSecondCollectionViewCell.m in Sources */,
				E470C9BA1E275ED600212BA2 /* HXCardSwitchView.m in Sources */,
				E4BFFE8C1E0B982C00219462 /* UIView+Helpers.m in Sources */,
				E4BFFE921E0B9EE600219462 /* UITabBar+Badge.m in Sources */,
			);
			runOnlyForDeploymentPostprocessing = 0;
		};
/* End PBXSourcesBuildPhase section */

/* Begin XCBuildConfiguration section */
		E49F71D91D2B98A100A6A746 /* Debug */ = {
			isa = XCBuildConfiguration;
			buildSettings = {
				ALWAYS_SEARCH_USER_PATHS = NO;
				CLANG_CXX_LANGUAGE_STANDARD = "gnu++0x";
				CLANG_CXX_LIBRARY = "libc++";
				CLANG_ENABLE_MODULES = YES;
				CLANG_ENABLE_OBJC_ARC = YES;
				CLANG_WARN_BOOL_CONVERSION = YES;
				CLANG_WARN_CONSTANT_CONVERSION = YES;
				CLANG_WARN_DIRECT_OBJC_ISA_USAGE = YES_ERROR;
				CLANG_WARN_EMPTY_BODY = YES;
				CLANG_WARN_ENUM_CONVERSION = YES;
				CLANG_WARN_INFINITE_RECURSION = YES;
				CLANG_WARN_INT_CONVERSION = YES;
				CLANG_WARN_OBJC_ROOT_CLASS = YES_ERROR;
				CLANG_WARN_SUSPICIOUS_MOVE = YES;
				CLANG_WARN_UNREACHABLE_CODE = YES;
				CLANG_WARN__DUPLICATE_METHOD_MATCH = YES;
				"CODE_SIGN_IDENTITY[sdk=iphoneos*]" = "iPhone Developer";
				COPY_PHASE_STRIP = NO;
				DEBUG_INFORMATION_FORMAT = dwarf;
				ENABLE_STRICT_OBJC_MSGSEND = YES;
				ENABLE_TESTABILITY = YES;
				GCC_C_LANGUAGE_STANDARD = gnu99;
				GCC_DYNAMIC_NO_PIC = NO;
				GCC_NO_COMMON_BLOCKS = YES;
				GCC_OPTIMIZATION_LEVEL = 0;
				GCC_PREPROCESSOR_DEFINITIONS = (
					"DEBUG=1",
					"$(inherited)",
				);
				GCC_WARN_64_TO_32_BIT_CONVERSION = YES;
				GCC_WARN_ABOUT_RETURN_TYPE = YES_ERROR;
				GCC_WARN_UNDECLARED_SELECTOR = YES;
				GCC_WARN_UNINITIALIZED_AUTOS = YES_AGGRESSIVE;
				GCC_WARN_UNUSED_FUNCTION = YES;
				GCC_WARN_UNUSED_VARIABLE = YES;
				IPHONEOS_DEPLOYMENT_TARGET = 9.2;
				MTL_ENABLE_DEBUG_INFO = YES;
				ONLY_ACTIVE_ARCH = YES;
				SDKROOT = iphoneos;
			};
			name = Debug;
		};
		E49F71DA1D2B98A100A6A746 /* Release */ = {
			isa = XCBuildConfiguration;
			buildSettings = {
				ALWAYS_SEARCH_USER_PATHS = NO;
				CLANG_CXX_LANGUAGE_STANDARD = "gnu++0x";
				CLANG_CXX_LIBRARY = "libc++";
				CLANG_ENABLE_MODULES = YES;
				CLANG_ENABLE_OBJC_ARC = YES;
				CLANG_WARN_BOOL_CONVERSION = YES;
				CLANG_WARN_CONSTANT_CONVERSION = YES;
				CLANG_WARN_DIRECT_OBJC_ISA_USAGE = YES_ERROR;
				CLANG_WARN_EMPTY_BODY = YES;
				CLANG_WARN_ENUM_CONVERSION = YES;
				CLANG_WARN_INFINITE_RECURSION = YES;
				CLANG_WARN_INT_CONVERSION = YES;
				CLANG_WARN_OBJC_ROOT_CLASS = YES_ERROR;
				CLANG_WARN_SUSPICIOUS_MOVE = YES;
				CLANG_WARN_UNREACHABLE_CODE = YES;
				CLANG_WARN__DUPLICATE_METHOD_MATCH = YES;
				"CODE_SIGN_IDENTITY[sdk=iphoneos*]" = "iPhone Developer";
				COPY_PHASE_STRIP = NO;
				DEBUG_INFORMATION_FORMAT = "dwarf-with-dsym";
				ENABLE_NS_ASSERTIONS = NO;
				ENABLE_STRICT_OBJC_MSGSEND = YES;
				GCC_C_LANGUAGE_STANDARD = gnu99;
				GCC_NO_COMMON_BLOCKS = YES;
				GCC_WARN_64_TO_32_BIT_CONVERSION = YES;
				GCC_WARN_ABOUT_RETURN_TYPE = YES_ERROR;
				GCC_WARN_UNDECLARED_SELECTOR = YES;
				GCC_WARN_UNINITIALIZED_AUTOS = YES_AGGRESSIVE;
				GCC_WARN_UNUSED_FUNCTION = YES;
				GCC_WARN_UNUSED_VARIABLE = YES;
				IPHONEOS_DEPLOYMENT_TARGET = 9.2;
				MTL_ENABLE_DEBUG_INFO = NO;
				SDKROOT = iphoneos;
				VALIDATE_PRODUCT = YES;
			};
			name = Release;
		};
		E49F71DC1D2B98A100A6A746 /* Debug */ = {
			isa = XCBuildConfiguration;
			baseConfigurationReference = D8914676EFABBE5F3F1FD619 /* Pods-HXBaseProjectDemo.debug.xcconfig */;
			buildSettings = {
				ASSETCATALOG_COMPILER_APPICON_NAME = AppIcon;
				ASSETCATALOG_COMPILER_LAUNCHIMAGE_NAME = LaunchImage;
				"CODE_SIGN_IDENTITY[sdk=iphoneos*]" = "iPhone Developer";
				DEVELOPMENT_TEAM = "";
				GCC_PRECOMPILE_PREFIX_HEADER = YES;
				GCC_PREFIX_HEADER = HXBaseProjectDemo/PrefixHeader.pch;
				INFOPLIST_FILE = HXBaseProjectDemo/Info.plist;
				IPHONEOS_DEPLOYMENT_TARGET = 7.0;
				LD_RUNPATH_SEARCH_PATHS = "$(inherited) @executable_path/Frameworks";
				PRODUCT_BUNDLE_IDENTIFIER = blog.libuqing.com.HXImitationMogujieCamera;
				PRODUCT_NAME = HXBaseProjectDemo;
			};
			name = Debug;
		};
		E49F71DD1D2B98A100A6A746 /* Release */ = {
			isa = XCBuildConfiguration;
			baseConfigurationReference = 2CDB3B120C9302E0F3232DA6 /* Pods-HXBaseProjectDemo.release.xcconfig */;
			buildSettings = {
				ASSETCATALOG_COMPILER_APPICON_NAME = AppIcon;
				ASSETCATALOG_COMPILER_LAUNCHIMAGE_NAME = LaunchImage;
				"CODE_SIGN_IDENTITY[sdk=iphoneos*]" = "iPhone Developer";
				DEVELOPMENT_TEAM = "";
				GCC_PRECOMPILE_PREFIX_HEADER = YES;
				GCC_PREFIX_HEADER = HXBaseProjectDemo/PrefixHeader.pch;
				INFOPLIST_FILE = HXBaseProjectDemo/Info.plist;
				IPHONEOS_DEPLOYMENT_TARGET = 7.0;
				LD_RUNPATH_SEARCH_PATHS = "$(inherited) @executable_path/Frameworks";
				PRODUCT_BUNDLE_IDENTIFIER = blog.libuqing.com.HXImitationMogujieCamera;
				PRODUCT_NAME = HXBaseProjectDemo;
			};
			name = Release;
		};
/* End XCBuildConfiguration section */

/* Begin XCConfigurationList section */
		E49F71BF1D2B98A100A6A746 /* Build configuration list for PBXProject "HXBaseProjectDemo" */ = {
			isa = XCConfigurationList;
			buildConfigurations = (
				E49F71D91D2B98A100A6A746 /* Debug */,
				E49F71DA1D2B98A100A6A746 /* Release */,
			);
			defaultConfigurationIsVisible = 0;
			defaultConfigurationName = Release;
		};
		E49F71DB1D2B98A100A6A746 /* Build configuration list for PBXNativeTarget "HXBaseProjectDemo" */ = {
			isa = XCConfigurationList;
			buildConfigurations = (
				E49F71DC1D2B98A100A6A746 /* Debug */,
				E49F71DD1D2B98A100A6A746 /* Release */,
			);
			defaultConfigurationIsVisible = 0;
			defaultConfigurationName = Release;
		};
/* End XCConfigurationList section */
	};
	rootObject = E49F71BC1D2B98A100A6A746 /* Project object */;
}
